
Microsoft Visual Studio Solution File, Format Version 12.00
# Visual Studio Version 16
VisualStudioVersion = 16.0.28902.138
MinimumVisualStudioVersion = 10.0.40219.1
Project("{9A19103F-16F7-4668-BE54-9A1E7A4F7556}") = "TinyEverything", "TinyEverything\TinyEverything.csproj", "{240C5EB9-DE85-4874-9A9D-497D6E6B28D1}"
EndProject
Project("{9A19103F-16F7-4668-BE54-9A1E7A4F7556}") = "TinyEverything.ConsoleRunner", "TinyEverything.ConsoleRunner\TinyEverything.ConsoleRunner.csproj", "{0DFFE65B-B82E-4D08-848F-F5860AA585D4}"
EndProject
Project("{9A19103F-16F7-4668-BE54-9A1E7A4F7556}") = "TinyEverything.GUIRunner", "TinyEverything.GUIRunner\TinyEverything.GUIRunner.csproj", "{BF3E2391-9650-452E-B97D-5A9D44922076}"
EndProject
Project("{FAE04EC0-301F-11D3-BF4B-00C04F79EFBC}") = "TinyEverything.Kaboom", "TinyEverything.Kaboom\TinyEverything.Kaboom.csproj", "{8EBC7CCA-B685-4637-B9A4-E31A56286287}"
EndProject
Project("{FAE04EC0-301F-11D3-BF4B-00C04F79EFBC}") = "TinyEverything.Raytracer", "TinyEverything.Raytracer\TinyEverything.Raytracer.csproj", "{FBB752D3-DCC5-462D-B900-F5B5EE3A64C3}"
EndProject
Project("{FAE04EC0-301F-11D3-BF4B-00C04F79EFBC}") = "TinyEverything.Renderer", "TinyEverything.Renderer\TinyEverything.Renderer.csproj", "{344F12EE-05FB-4E06-96DC-72101B7FF5E4}"
EndProject
Project("{FAE04EC0-301F-11D3-BF4B-00C04F79EFBC}") = "TinyEverything.Raycaster", "TinyEverything.Raycaster\TinyEverything.Raycaster.csproj", "{DE613B92-7420-45A1-B4F6-9E3131311D2D}"
EndProject
Global
	GlobalSection(SolutionConfigurationPlatforms) = preSolution
		Debug|Any CPU = Debug|Any CPU
		Release|Any CPU = Release|Any CPU
	EndGlobalSection
	GlobalSection(ProjectConfigurationPlatforms) = postSolution
		{240C5EB9-DE85-4874-9A9D-497D6E6B28D1}.Debug|Any CPU.ActiveCfg = Debug|Any CPU
		{240C5EB9-DE85-4874-9A9D-497D6E6B28D1}.Debug|Any CPU.Build.0 = Debug|Any CPU
		{240C5EB9-DE85-4874-9A9D-497D6E6B28D1}.Release|Any CPU.ActiveCfg = Release|Any CPU
		{240C5EB9-DE85-4874-9A9D-497D6E6B28D1}.Release|Any CPU.Build.0 = Release|Any CPU
		{0DFFE65B-B82E-4D08-848F-F5860AA585D4}.Debug|Any CPU.ActiveCfg = Debug|Any CPU
		{0DFFE65B-B82E-4D08-848F-F5860AA585D4}.Debug|Any CPU.Build.0 = Debug|Any CPU
		{0DFFE65B-B82E-4D08-848F-F5860AA585D4}.Release|Any CPU.ActiveCfg = Release|Any CPU
		{0DFFE65B-B82E-4D08-848F-F5860AA585D4}.Release|Any CPU.Build.0 = Release|Any CPU
		{BF3E2391-9650-452E-B97D-5A9D44922076}.Debug|Any CPU.ActiveCfg = Debug|Any CPU
		{BF3E2391-9650-452E-B97D-5A9D44922076}.Debug|Any CPU.Build.0 = Debug|Any CPU
		{BF3E2391-9650-452E-B97D-5A9D44922076}.Release|Any CPU.ActiveCfg = Release|Any CPU
		{BF3E2391-9650-452E-B97D-5A9D44922076}.Release|Any CPU.Build.0 = Release|Any CPU
		{8EBC7CCA-B685-4637-B9A4-E31A56286287}.Debug|Any CPU.ActiveCfg = Debug|Any CPU
		{8EBC7CCA-B685-4637-B9A4-E31A56286287}.Debug|Any CPU.Build.0 = Debug|Any CPU
		{8EBC7CCA-B685-4637-B9A4-E31A56286287}.Release|Any CPU.ActiveCfg = Release|Any CPU
		{8EBC7CCA-B685-4637-B9A4-E31A56286287}.Release|Any CPU.Build.0 = Release|Any CPU
		{FBB752D3-DCC5-462D-B900-F5B5EE3A64C3}.Debug|Any CPU.ActiveCfg = Debug|Any CPU
		{FBB752D3-DCC5-462D-B900-F5B5EE3A64C3}.Debug|Any CPU.Build.0 = Debug|Any CPU
		{FBB752D3-DCC5-462D-B900-F5B5EE3A64C3}.Release|Any CPU.ActiveCfg = Release|Any CPU
		{FBB752D3-DCC5-462D-B900-F5B5EE3A64C3}.Release|Any CPU.Build.0 = Release|Any CPU
		{344F12EE-05FB-4E06-96DC-72101B7FF5E4}.Debug|Any CPU.ActiveCfg = Debug|Any CPU
		{344F12EE-05FB-4E06-96DC-72101B7FF5E4}.Debug|Any CPU.Build.0 = Debug|Any CPU
		{344F12EE-05FB-4E06-96DC-72101B7FF5E4}.Release|Any CPU.ActiveCfg = Release|Any CPU
		{344F12EE-05FB-4E06-96DC-72101B7FF5E4}.Release|Any CPU.Build.0 = Release|Any CPU
		{DE613B92-7420-45A1-B4F6-9E3131311D2D}.Debug|Any CPU.ActiveCfg = Debug|Any CPU
		{DE613B92-7420-45A1-B4F6-9E3131311D2D}.Debug|Any CPU.Build.0 = Debug|Any CPU
		{DE613B92-7420-45A1-B4F6-9E3131311D2D}.Release|Any CPU.ActiveCfg = Release|Any CPU
		{DE613B92-7420-45A1-B4F6-9E3131311D2D}.Release|Any CPU.Build.0 = Release|Any CPU
	EndGlobalSection
	GlobalSection(SolutionProperties) = preSolution
		HideSolutionNode = FALSE
	EndGlobalSection
	GlobalSection(ExtensibilityGlobals) = postSolution
		SolutionGuid = {DD77FFC2-E8CE-43D3-83A0-6B809519DA85}
	EndGlobalSection
EndGlobal
